
Microsoft Visual Studio Solution File, Format Version 12.00
# Visual Studio Version 17
VisualStudioVersion = 17.8.34525.116
MinimumVisualStudioVersion = 10.0.40219.1
Project("{FAE04EC0-301F-11D3-BF4B-00C04F79EFBC}") = "WebAPI", "WebAPI.csproj", "{099C47DF-9EB7-4419-8ABF-1697DF8FC3AA}"
EndProject
Global
	GlobalSection(SolutionConfigurationPlatforms) = preSolution
		Debug|Any CPU = Debug|Any CPU
		Release|Any CPU = Release|Any CPU
	EndGlobalSection
	GlobalSection(ProjectConfigurationPlatforms) = postSolution
		{099C47DF-9EB7-4419-8ABF-1697DF8FC3AA}.Debug|Any CPU.ActiveCfg = Debug|Any CPU
		{099C47DF-9EB7-4419-8ABF-1697DF8FC3AA}.Debug|Any CPU.Build.0 = Debug|Any CPU
		{099C47DF-9EB7-4419-8ABF-1697DF8FC3AA}.Release|Any CPU.ActiveCfg = Release|Any CPU
		{099C47DF-9EB7-4419-8ABF-1697DF8FC3AA}.Release|Any CPU.Build.0 = Release|Any CPU
	EndGlobalSection
	GlobalSection(SolutionProperties) = preSolution
		HideSolutionNode = FALSE
	EndGlobalSection
	GlobalSection(ExtensibilityGlobals) = postSolution
		SolutionGuid = {AA81F549-9457-4CC4-AF59-0F7F78FD1F4C}
	EndGlobalSection
EndGlobal
